# THIS IS AN AUTOGENERATED FILE. DO NOT EDIT THIS FILE DIRECTLY.
# yarn lockfile v1


"@fortawesome/fontawesome-free@^5.15.4":
  version "5.15.4"
  resolved "https://registry.yarnpkg.com/@fortawesome/fontawesome-free/-/fontawesome-free-5.15.4.tgz#ecda5712b61ac852c760d8b3c79c96adca5554e5"
  integrity sha512-eYm8vijH/hpzr/6/1CJ/V/Eb1xQFW2nnUKArb3z+yUWv7HTwj6M7SP957oMjfZjAHU6qpoNc2wQvIxBLWYa/Jg==

"@stencil/core@~2.10.0":
  version "2.10.0"
  resolved "https://registry.yarnpkg.com/@stencil/core/-/core-2.10.0.tgz#acf44b9ae6578a20f0d09bf94296e833beadc885"
  integrity sha512-15rWMTPQ/sp0lSV82HVCXkIya3QLN+uBl7pqK4JnTrp4HiLrzLmNbWjbvgCs55gw0lULbCIGbRIEsFz+Pe/Q+A==

bourbon@^7.0.0:
  version "7.2.0"
  resolved "https://registry.yarnpkg.com/bourbon/-/bourbon-7.2.0.tgz#32bc40fd368383e4b7b82bb832c34c67584282bd"
  integrity sha512-Zx/lY/YzMkSyFC7yYPp9QcI2OCWnUHQdSrXvRtfnaUGT/edKNh44mVPYkP7QEyk6yQOLCJottsuTnidqKcpbNg==

ionicons@^5.5.3:
  version "5.5.4"
  resolved "https://registry.yarnpkg.com/ionicons/-/ionicons-5.5.4.tgz#5fef0c44038a630f5bb5f9a7dc83ec158bab95b1"
  integrity sha512-3ph8X9my3inhabWEZ7N0XRA0MnnNQ1v9a602mLNgWsIXnxE9G5BybIZ/pws/OZZ/hoNlvSjk801N03yL9/FNgQ==
  dependencies:
    "@stencil/core" "~2.10.0"

uikit@^3.7.2:
  version "3.14.1"
  resolved "https://registry.yarnpkg.com/uikit/-/uikit-3.14.1.tgz#09ae1a96e96c9a66f94fb024e6948c9968145369"
  integrity sha512-GVvv60GfnetVEBMNqQ8SoFP18qjtNinSL0ie/mZeJyGT/xESuUMaLpoPq9oA8CuFsih0lC4AQ5fQPRoLkAvTEQ==
